
Microsoft Visual Studio Solution File, Format Version 12.00
# Visual Studio Version 17
VisualStudioVersion = 17.5.33530.505
MinimumVisualStudioVersion = 10.0.40219.1
Project("{9A19103F-16F7-4668-BE54-9A1E7A4F7556}") = "SupermarketPricerLibrary", "SupermarketPricerLibrary.csproj", "{61FCF3C1-C82C-408A-B155-0AB136ED1449}"
EndProject
Project("{9A19103F-16F7-4668-BE54-9A1E7A4F7556}") = "SupermarketPricerTests", "..\..\..\..\source\repos\SupermarketPricerTests\SupermarketPricerTests.csproj", "{BC4C1BAB-F935-43FA-B0D4-21F24ECC4B57}"
EndProject
Global
	GlobalSection(SolutionConfigurationPlatforms) = preSolution
		Debug|Any CPU = Debug|Any CPU
		Release|Any CPU = Release|Any CPU
	EndGlobalSection
	GlobalSection(ProjectConfigurationPlatforms) = postSolution
		{61FCF3C1-C82C-408A-B155-0AB136ED1449}.Debug|Any CPU.ActiveCfg = Debug|Any CPU
		{61FCF3C1-C82C-408A-B155-0AB136ED1449}.Debug|Any CPU.Build.0 = Debug|Any CPU
		{61FCF3C1-C82C-408A-B155-0AB136ED1449}.Release|Any CPU.ActiveCfg = Release|Any CPU
		{61FCF3C1-C82C-408A-B155-0AB136ED1449}.Release|Any CPU.Build.0 = Release|Any CPU
		{BC4C1BAB-F935-43FA-B0D4-21F24ECC4B57}.Debug|Any CPU.ActiveCfg = Debug|Any CPU
		{BC4C1BAB-F935-43FA-B0D4-21F24ECC4B57}.Debug|Any CPU.Build.0 = Debug|Any CPU
		{BC4C1BAB-F935-43FA-B0D4-21F24ECC4B57}.Release|Any CPU.ActiveCfg = Release|Any CPU
		{BC4C1BAB-F935-43FA-B0D4-21F24ECC4B57}.Release|Any CPU.Build.0 = Release|Any CPU
	EndGlobalSection
	GlobalSection(SolutionProperties) = preSolution
		HideSolutionNode = FALSE
	EndGlobalSection
	GlobalSection(ExtensibilityGlobals) = postSolution
		SolutionGuid = {5571E3B5-61A2-48E4-8F47-A98C5E2B2ED7}
	EndGlobalSection
EndGlobal
